
Microsoft Visual Studio Solution File, Format Version 12.00
Project("{F2A71F9B-5D33-465A-A702-920D77279786}") = "FSharp", "FSharp.fsproj", "{BB019A88-84F2-4A83-A458-238C095F4BFE}"
EndProject
Global
	GlobalSection(SolutionConfigurationPlatforms) = preSolution
		Debug|Any CPU = Debug|Any CPU
		Release|Any CPU = Release|Any CPU
	EndGlobalSection
	GlobalSection(ProjectConfigurationPlatforms) = postSolution
		{BB019A88-84F2-4A83-A458-238C095F4BFE}.Debug|Any CPU.ActiveCfg = Debug|Any CPU
		{BB019A88-84F2-4A83-A458-238C095F4BFE}.Debug|Any CPU.Build.0 = Debug|Any CPU
		{BB019A88-84F2-4A83-A458-238C095F4BFE}.Release|Any CPU.ActiveCfg = Release|Any CPU
		{BB019A88-84F2-4A83-A458-238C095F4BFE}.Release|Any CPU.Build.0 = Release|Any CPU
	EndGlobalSection
EndGlobal
